Microsoft Visual Studio Solution File, Format Version 12.00
# Visual Studio Version 17
VisualStudioVersion = 17.5.2.0
MinimumVisualStudioVersion = 10.0.40219.1
Project("{FAE04EC0-301F-11D3-BF4B-00C04F79EFBC}") = "BudgetAPI", "BudgetAPI\BudgetAPI.csproj", "{72AA58C5-5220-B29B-7DBA-AA956E05B66D}"
EndProject
Global
	GlobalSection(SolutionConfigurationPlatforms) = preSolution
		Debug|Any CPU = Debug|Any CPU
		Release|Any CPU = Release|Any CPU
	EndGlobalSection
	GlobalSection(ProjectConfigurationPlatforms) = postSolution
		{72AA58C5-5220-B29B-7DBA-AA956E05B66D}.Debug|Any CPU.ActiveCfg = Debug|Any CPU
		{72AA58C5-5220-B29B-7DBA-AA956E05B66D}.Debug|Any CPU.Build.0 = Debug|Any CPU
		{72AA58C5-5220-B29B-7DBA-AA956E05B66D}.Release|Any CPU.ActiveCfg = Release|Any CPU
		{72AA58C5-5220-B29B-7DBA-AA956E05B66D}.Release|Any CPU.Build.0 = Release|Any CPU
	EndGlobalSection
	GlobalSection(SolutionProperties) = preSolution
		HideSolutionNode = FALSE
	EndGlobalSection
	GlobalSection(ExtensibilityGlobals) = postSolution
		SolutionGuid = {CBA47760-C906-4D95-94A4-68A1BF7BE772}
	EndGlobalSection
EndGlobal
